
Microsoft Visual Studio Solution File, Format Version 12.00
# Visual Studio Version 17
VisualStudioVersion = 17.11.35312.102
MinimumVisualStudioVersion = 10.0.40219.1
Project("{FAE04EC0-301F-11D3-BF4B-00C04F79EFBC}") = "HomeWork_mR_(Tydzień4Lekcja13)", "HomeWork_mR_(Tydzień4Lekcja13).csproj", "{DF5E5394-8735-46B3-B074-44A7576A6C60}"
EndProject
Global
	GlobalSection(SolutionConfigurationPlatforms) = preSolution
		Debug|Any CPU = Debug|Any CPU
		Release|Any CPU = Release|Any CPU
	EndGlobalSection
	GlobalSection(ProjectConfigurationPlatforms) = postSolution
		{DF5E5394-8735-46B3-B074-44A7576A6C60}.Debug|Any CPU.ActiveCfg = Debug|Any CPU
		{DF5E5394-8735-46B3-B074-44A7576A6C60}.Debug|Any CPU.Build.0 = Debug|Any CPU
		{DF5E5394-8735-46B3-B074-44A7576A6C60}.Release|Any CPU.ActiveCfg = Release|Any CPU
		{DF5E5394-8735-46B3-B074-44A7576A6C60}.Release|Any CPU.Build.0 = Release|Any CPU
	EndGlobalSection
	GlobalSection(SolutionProperties) = preSolution
		HideSolutionNode = FALSE
	EndGlobalSection
	GlobalSection(ExtensibilityGlobals) = postSolution
		SolutionGuid = {1B501199-2F81-4BF3-A33E-9A7DDD828779}
	EndGlobalSection
EndGlobal
